Microsoft Visual Studio Solution File, Format Version 12.00
# Visual Studio 15
VisualStudioVersion = 15.0.26430.14
MinimumVisualStudioVersion = 10.0.40219.1
Project("{FAE04EC0-301F-11D3-BF4B-00C04F79EFBC}") = "APIMATICCalculator.Standard", "APIMATICCalculator.Standard/APIMATICCalculator.Standard.csproj", "{ab971481-9381-4e9b-9f60-ac7f6eb1083d}"
EndProject
Project("{FAE04EC0-301F-11D3-BF4B-00C04F79EFBC}") = "APIMATICCalculator.Tests", "APIMATICCalculator.Tests/APIMATICCalculator.Tests.csproj", "{fbed8886-2f76-4573-b833-cb41fb62a4ad}"
EndProject
Global
    GlobalSection(SolutionConfigurationPlatforms) = preSolution
        Debug|Any CPU = Debug|Any CPU
        Release|Any CPU = Release|Any CPU
    EndGlobalSection
    GlobalSection(ProjectConfigurationPlatforms) = postSolution
        {ab971481-9381-4e9b-9f60-ac7f6eb1083d}.Debug|Any CPU.ActiveCfg = Debug|Any CPU
        {ab971481-9381-4e9b-9f60-ac7f6eb1083d}.Debug|Any CPU.Build.0 = Debug|Any CPU
        {ab971481-9381-4e9b-9f60-ac7f6eb1083d}.Release|Any CPU.ActiveCfg = Release|Any CPU
        {ab971481-9381-4e9b-9f60-ac7f6eb1083d}.Release|Any CPU.Build.0 = Release|Any CPU
        {fbed8886-2f76-4573-b833-cb41fb62a4ad}.Debug|Any CPU.ActiveCfg = Debug|Any CPU
        {fbed8886-2f76-4573-b833-cb41fb62a4ad}.Debug|Any CPU.Build.0 = Debug|Any CPU
        {fbed8886-2f76-4573-b833-cb41fb62a4ad}.Release|Any CPU.ActiveCfg = Release|Any CPU
        {fbed8886-2f76-4573-b833-cb41fb62a4ad}.Release|Any CPU.Build.0 = Release|Any CPU
    EndGlobalSection
    GlobalSection(SolutionProperties) = preSolution
        HideSolutionNode = FALSE
    EndGlobalSection
EndGlobal
